
Microsoft Visual Studio Solution File, Format Version 12.00
# Visual Studio 15
VisualStudioVersion = 15.0.28010.2003
MinimumVisualStudioVersion = 10.0.40219.1
Project("{FAE04EC0-301F-11D3-BF4B-00C04F79EFBC}") = "PokerHandEvaluator", "PokerHandEvaluator\PokerHandEvaluator.csproj", "{EC4BB634-65CC-4CF1-91FF-D91B18CC95B9}"
EndProject
Project("{FAE04EC0-301F-11D3-BF4B-00C04F79EFBC}") = "PokerDemo", "PokerDemo\PokerDemo.csproj", "{4673D2A8-4B20-4FAC-BB0B-F704A897C8E7}"
EndProject
Global
	GlobalSection(SolutionConfigurationPlatforms) = preSolution
		Debug|Any CPU = Debug|Any CPU
		Release|Any CPU = Release|Any CPU
	EndGlobalSection
	GlobalSection(ProjectConfigurationPlatforms) = postSolution
		{EC4BB634-65CC-4CF1-91FF-D91B18CC95B9}.Debug|Any CPU.ActiveCfg = Debug|Any CPU
		{EC4BB634-65CC-4CF1-91FF-D91B18CC95B9}.Debug|Any CPU.Build.0 = Debug|Any CPU
		{EC4BB634-65CC-4CF1-91FF-D91B18CC95B9}.Release|Any CPU.ActiveCfg = Release|Any CPU
		{EC4BB634-65CC-4CF1-91FF-D91B18CC95B9}.Release|Any CPU.Build.0 = Release|Any CPU
		{4673D2A8-4B20-4FAC-BB0B-F704A897C8E7}.Debug|Any CPU.ActiveCfg = Debug|Any CPU
		{4673D2A8-4B20-4FAC-BB0B-F704A897C8E7}.Debug|Any CPU.Build.0 = Debug|Any CPU
		{4673D2A8-4B20-4FAC-BB0B-F704A897C8E7}.Release|Any CPU.ActiveCfg = Release|Any CPU
		{4673D2A8-4B20-4FAC-BB0B-F704A897C8E7}.Release|Any CPU.Build.0 = Release|Any CPU
	EndGlobalSection
	GlobalSection(SolutionProperties) = preSolution
		HideSolutionNode = FALSE
	EndGlobalSection
	GlobalSection(ExtensibilityGlobals) = postSolution
		SolutionGuid = {166E997D-54E6-4CDD-BFBA-EE7FF1C9E86E}
	EndGlobalSection
EndGlobal
